
Microsoft Visual Studio Solution File, Format Version 12.00
# Visual Studio Version 17
VisualStudioVersion = 17.3.32901.215
MinimumVisualStudioVersion = 10.0.40219.1
Project("{FAE04EC0-301F-11D3-BF4B-00C04F79EFBC}") = "memory_game.Android", "memory_game\memory_game.Android\memory_game.Android.csproj", "{986DAC1E-07AD-4E48-A2DB-822D84D53189}"
EndProject
Project("{FAE04EC0-301F-11D3-BF4B-00C04F79EFBC}") = "memory_game", "memory_game\memory_game\memory_game.csproj", "{077AABE9-62A5-401E-BEBD-778988A7C78C}"
EndProject
Global
	GlobalSection(SolutionConfigurationPlatforms) = preSolution
		Debug|Any CPU = Debug|Any CPU
		Release|Any CPU = Release|Any CPU
	EndGlobalSection
	GlobalSection(ProjectConfigurationPlatforms) = postSolution
		{986DAC1E-07AD-4E48-A2DB-822D84D53189}.Debug|Any CPU.ActiveCfg = Debug|Any CPU
		{986DAC1E-07AD-4E48-A2DB-822D84D53189}.Debug|Any CPU.Build.0 = Debug|Any CPU
		{986DAC1E-07AD-4E48-A2DB-822D84D53189}.Debug|Any CPU.Deploy.0 = Debug|Any CPU
		{986DAC1E-07AD-4E48-A2DB-822D84D53189}.Release|Any CPU.ActiveCfg = Release|Any CPU
		{986DAC1E-07AD-4E48-A2DB-822D84D53189}.Release|Any CPU.Build.0 = Release|Any CPU
		{986DAC1E-07AD-4E48-A2DB-822D84D53189}.Release|Any CPU.Deploy.0 = Release|Any CPU
		{077AABE9-62A5-401E-BEBD-778988A7C78C}.Debug|Any CPU.ActiveCfg = Debug|Any CPU
		{077AABE9-62A5-401E-BEBD-778988A7C78C}.Debug|Any CPU.Build.0 = Debug|Any CPU
		{077AABE9-62A5-401E-BEBD-778988A7C78C}.Debug|Any CPU.Deploy.0 = Debug|Any CPU
		{077AABE9-62A5-401E-BEBD-778988A7C78C}.Release|Any CPU.ActiveCfg = Release|Any CPU
		{077AABE9-62A5-401E-BEBD-778988A7C78C}.Release|Any CPU.Build.0 = Release|Any CPU
		{077AABE9-62A5-401E-BEBD-778988A7C78C}.Release|Any CPU.Deploy.0 = Release|Any CPU
	EndGlobalSection
	GlobalSection(SolutionProperties) = preSolution
		HideSolutionNode = FALSE
	EndGlobalSection
	GlobalSection(ExtensibilityGlobals) = postSolution
		SolutionGuid = {D95F6CEB-17A2-41D2-B895-D097834ED719}
	EndGlobalSection
EndGlobal
